PODS:
  - Bolts/Tasks (1.9.1)
  - Parse (1.19.3):
    - Parse/Core (= 1.19.3)
  - Parse/Core (1.19.3):
    - Bolts/Tasks (= 1.9.1)
  - "UITextView+Placeholder (1.4.0)"

DEPENDENCIES:
  - Parse
  - "UITextView+Placeholder"

SPEC REPOS:
  trunk:
    - Bolts
    - Parse
    - "UITextView+Placeholder"

SPEC CHECKSUMS:
  Bolts: 8c1e8aab2f603387b8b9924f57d1d64f43d3ffdc
  Parse: 0abb63a0ff6fa34a3f64b81d595a294e2ece143a
  "UITextView+Placeholder": d7b0c400921f66523f3a85d74f774512e14f6502

PODFILE CHECKSUM: 7a735aa260c05082c394a338fc22fe334d6fa82b

COCOAPODS: 1.11.3
